
Microsoft Visual Studio Solution File, Format Version 12.00
# Visual Studio Version 16
VisualStudioVersion = 16.0.31729.503
MinimumVisualStudioVersion = 10.0.40219.1
Project("{FAE04EC0-301F-11D3-BF4B-00C04F79EFBC}") = "JWTAuthenticationAPI", "JWTAuthenticationAPI\JWTAuthenticationAPI.csproj", "{0D5195EE-970E-455F-A669-EE70FC039DDB}"
EndProject
Global
	GlobalSection(SolutionConfigurationPlatforms) = preSolution
		Debug|Any CPU = Debug|Any CPU
		Release|Any CPU = Release|Any CPU
	EndGlobalSection
	GlobalSection(ProjectConfigurationPlatforms) = postSolution
		{0D5195EE-970E-455F-A669-EE70FC039DDB}.Debug|Any CPU.ActiveCfg = Debug|Any CPU
		{0D5195EE-970E-455F-A669-EE70FC039DDB}.Debug|Any CPU.Build.0 = Debug|Any CPU
		{0D5195EE-970E-455F-A669-EE70FC039DDB}.Release|Any CPU.ActiveCfg = Release|Any CPU
		{0D5195EE-970E-455F-A669-EE70FC039DDB}.Release|Any CPU.Build.0 = Release|Any CPU
	EndGlobalSection
	GlobalSection(SolutionProperties) = preSolution
		HideSolutionNode = FALSE
	EndGlobalSection
	GlobalSection(ExtensibilityGlobals) = postSolution
		SolutionGuid = {F0DF94D4-6CAD-4766-BDF3-54DE19A78F2E}
	EndGlobalSection
EndGlobal
